
Microsoft Visual Studio Solution File, Format Version 12.00
# Visual Studio Version 17
VisualStudioVersion = 17.8.34330.188
MinimumVisualStudioVersion = 10.0.40219.1
Project("{FAE04EC0-301F-11D3-BF4B-00C04F79EFBC}") = "Alipay", "Alipay\Alipay.csproj", "{0B8DE61C-90BB-410F-8388-22808FF5D0AF}"
EndProject
Global
	GlobalSection(SolutionConfigurationPlatforms) = preSolution
		Debug|Any CPU = Debug|Any CPU
		Release|Any CPU = Release|Any CPU
	EndGlobalSection
	GlobalSection(ProjectConfigurationPlatforms) = postSolution
		{0B8DE61C-90BB-410F-8388-22808FF5D0AF}.Debug|Any CPU.ActiveCfg = Debug|Any CPU
		{0B8DE61C-90BB-410F-8388-22808FF5D0AF}.Debug|Any CPU.Build.0 = Debug|Any CPU
		{0B8DE61C-90BB-410F-8388-22808FF5D0AF}.Release|Any CPU.ActiveCfg = Release|Any CPU
		{0B8DE61C-90BB-410F-8388-22808FF5D0AF}.Release|Any CPU.Build.0 = Release|Any CPU
	EndGlobalSection
	GlobalSection(SolutionProperties) = preSolution
		HideSolutionNode = FALSE
	EndGlobalSection
	GlobalSection(ExtensibilityGlobals) = postSolution
		SolutionGuid = {29F891D2-FCCF-4F8A-B1AB-9817271A34B9}
	EndGlobalSection
EndGlobal
